{
  "name": "gqtest",
  "version": "0.0.10",
  "lockfileVersion": 3,
  "requires": true,
  "packages": {
    "": {
      "name": "gqtest",
      "version": "0.0.10",
      "license": "MIT",
      "dependencies": {
        "assert": "1.0.0",
        "async": "^1.0.0"
      }
    },
    "node_modules/assert": {
      "version": "1.0.0",
      "resolved": "https://registry.npmjs.org/assert/-/assert-1.0.0.tgz",
      "integrity": "sha512-HjPk9o4Ye611Dwlqt4su3EEeUfikzZfG5Bd3O/gpBS3+wY2V06iM/eQfRn981B4fXNKbb6PB8cFEbDhusulDqA==",
      "dependencies": {
        "util": "0.10.0"
      }
    },
    "node_modules/async": {
      "version": "1.0.0",
      "resolved": "https://registry.npmjs.org/async/-/async-1.0.0.tgz",
      "integrity": "sha512-5mO7DX4CbJzp9zjaFXusQQ4tzKJARjNB1Ih1pVBi8wkbmXy/xzIDgEMXxWePLzt2OdFwaxfneIlT1nCiXubrPQ=="
    },
    "node_modules/util": {
      "version": "0.10.0",
      "resolved": "https://registry.npmjs.org/util/-/util-0.10.0.tgz",
      "integrity": "sha512-T+DTDDsioHNk7Y2Uy/7Ict6i8JH7tEKbFNZwMs6rFppA8FLcJlqh+7KsGT/VzKIo3/X91YNFpZoMZYFj+OX6Ww=="
    }
  }
}
